
Microsoft Visual Studio Solution File, Format Version 12.00
# Visual Studio Version 17
VisualStudioVersion = 17.13.35919.96 d17.13
MinimumVisualStudioVersion = 10.0.40219.1
Project("{FAE04EC0-301F-11D3-BF4B-00C04F79EFBC}") = "Bai3", "Bai3.csproj", "{8852FD4C-A0D5-472E-A0DB-CCDD2F81F02E}"
EndProject
Global
	GlobalSection(SolutionConfigurationPlatforms) = preSolution
		Debug|Any CPU = Debug|Any CPU
		Release|Any CPU = Release|Any CPU
	EndGlobalSection
	GlobalSection(ProjectConfigurationPlatforms) = postSolution
		{8852FD4C-A0D5-472E-A0DB-CCDD2F81F02E}.Debug|Any CPU.ActiveCfg = Debug|Any CPU
		{8852FD4C-A0D5-472E-A0DB-CCDD2F81F02E}.Debug|Any CPU.Build.0 = Debug|Any CPU
		{8852FD4C-A0D5-472E-A0DB-CCDD2F81F02E}.Release|Any CPU.ActiveCfg = Release|Any CPU
		{8852FD4C-A0D5-472E-A0DB-CCDD2F81F02E}.Release|Any CPU.Build.0 = Release|Any CPU
	EndGlobalSection
	GlobalSection(SolutionProperties) = preSolution
		HideSolutionNode = FALSE
	EndGlobalSection
	GlobalSection(ExtensibilityGlobals) = postSolution
		SolutionGuid = {471CFF51-17B0-4DE2-B77B-FDF369544AB4}
	EndGlobalSection
EndGlobal
